
Microsoft Visual Studio Solution File, Format Version 12.00
# Visual Studio Version 16
VisualStudioVersion = 16.0.30128.74
MinimumVisualStudioVersion = 10.0.40219.1
Project("{2150E333-8FDC-42A3-9474-1A3956D46DE8}") = "1- Models", "1- Models", "{20560B96-21A8-45FE-8234-59FEC8968D60}"
EndProject
Project("{2150E333-8FDC-42A3-9474-1A3956D46DE8}") = "2- Src", "2- Src", "{51EB0531-220F-43DF-86BB-FCFC9388C283}"
EndProject
Project("{FAE04EC0-301F-11D3-BF4B-00C04F79EFBC}") = "BookManager", "BookManager\BookManager.csproj", "{9CCB1FE1-368C-4AE7-9923-CEF9DEB25E2E}"
EndProject
Global
	GlobalSection(SolutionConfigurationPlatforms) = preSolution
		Debug|Any CPU = Debug|Any CPU
		Release|Any CPU = Release|Any CPU
	EndGlobalSection
	GlobalSection(ProjectConfigurationPlatforms) = postSolution
		{9CCB1FE1-368C-4AE7-9923-CEF9DEB25E2E}.Debug|Any CPU.ActiveCfg = Debug|Any CPU
		{9CCB1FE1-368C-4AE7-9923-CEF9DEB25E2E}.Debug|Any CPU.Build.0 = Debug|Any CPU
		{9CCB1FE1-368C-4AE7-9923-CEF9DEB25E2E}.Release|Any CPU.ActiveCfg = Release|Any CPU
		{9CCB1FE1-368C-4AE7-9923-CEF9DEB25E2E}.Release|Any CPU.Build.0 = Release|Any CPU
	EndGlobalSection
	GlobalSection(SolutionProperties) = preSolution
		HideSolutionNode = FALSE
	EndGlobalSection
	GlobalSection(NestedProjects) = preSolution
		{9CCB1FE1-368C-4AE7-9923-CEF9DEB25E2E} = {51EB0531-220F-43DF-86BB-FCFC9388C283}
	EndGlobalSection
	GlobalSection(ExtensibilityGlobals) = postSolution
		SolutionGuid = {7326893D-C155-4EC6-ADB1-13FD4172566A}
	EndGlobalSection
EndGlobal
